
Microsoft Visual Studio Solution File, Format Version 12.00
# Visual Studio 15
VisualStudioVersion = 15.0.28307.757
MinimumVisualStudioVersion = 10.0.40219.1
Project("{FAE04EC0-301F-11D3-BF4B-00C04F79EFBC}") = "CustomerMVCAPP", "CustomerMVCAPP\CustomerMVCAPP.csproj", "{F53077D4-6805-4C6A-8BE8-47CE4DF96E9D}"
EndProject
Project("{FAE04EC0-301F-11D3-BF4B-00C04F79EFBC}") = "CustomerMVCAPP.Models", "CustomerMVCAPP.Models\CustomerMVCAPP.Models.csproj", "{021BFBDC-32D7-4AA7-AF3C-5374F2BAC6D2}"
EndProject
Project("{FAE04EC0-301F-11D3-BF4B-00C04F79EFBC}") = "CustomerMVCAPP.BLL", "CustomerMVCAPP.BLL\CustomerMVCAPP.BLL.csproj", "{BF9B86B5-F3A4-41E3-BE68-C0746A111EE8}"
EndProject
Project("{FAE04EC0-301F-11D3-BF4B-00C04F79EFBC}") = "CustomerMVCAPP.Repository", "CustomerMVCAPP.Repository\CustomerMVCAPP.Repository.csproj", "{7FEF39E4-278A-474E-B0B1-6D0E273474A6}"
EndProject
Project("{FAE04EC0-301F-11D3-BF4B-00C04F79EFBC}") = "CustomerMVCAPP.DatabaseContext", "CustomerMVCAPP.DatabaseContext\CustomerMVCAPP.DatabaseContext.csproj", "{E656FA58-3221-44D8-85B3-1A8A7F1DC5D8}"
EndProject
Global
	GlobalSection(SolutionConfigurationPlatforms) = preSolution
		Debug|Any CPU = Debug|Any CPU
		Release|Any CPU = Release|Any CPU
	EndGlobalSection
	GlobalSection(ProjectConfigurationPlatforms) = postSolution
		{F53077D4-6805-4C6A-8BE8-47CE4DF96E9D}.Debug|Any CPU.ActiveCfg = Debug|Any CPU
		{F53077D4-6805-4C6A-8BE8-47CE4DF96E9D}.Debug|Any CPU.Build.0 = Debug|Any CPU
		{F53077D4-6805-4C6A-8BE8-47CE4DF96E9D}.Release|Any CPU.ActiveCfg = Release|Any CPU
		{F53077D4-6805-4C6A-8BE8-47CE4DF96E9D}.Release|Any CPU.Build.0 = Release|Any CPU
		{021BFBDC-32D7-4AA7-AF3C-5374F2BAC6D2}.Debug|Any CPU.ActiveCfg = Debug|Any CPU
		{021BFBDC-32D7-4AA7-AF3C-5374F2BAC6D2}.Debug|Any CPU.Build.0 = Debug|Any CPU
		{021BFBDC-32D7-4AA7-AF3C-5374F2BAC6D2}.Release|Any CPU.ActiveCfg = Release|Any CPU
		{021BFBDC-32D7-4AA7-AF3C-5374F2BAC6D2}.Release|Any CPU.Build.0 = Release|Any CPU
		{BF9B86B5-F3A4-41E3-BE68-C0746A111EE8}.Debug|Any CPU.ActiveCfg = Debug|Any CPU
		{BF9B86B5-F3A4-41E3-BE68-C0746A111EE8}.Debug|Any CPU.Build.0 = Debug|Any CPU
		{BF9B86B5-F3A4-41E3-BE68-C0746A111EE8}.Release|Any CPU.ActiveCfg = Release|Any CPU
		{BF9B86B5-F3A4-41E3-BE68-C0746A111EE8}.Release|Any CPU.Build.0 = Release|Any CPU
		{7FEF39E4-278A-474E-B0B1-6D0E273474A6}.Debug|Any CPU.ActiveCfg = Debug|Any CPU
		{7FEF39E4-278A-474E-B0B1-6D0E273474A6}.Debug|Any CPU.Build.0 = Debug|Any CPU
		{7FEF39E4-278A-474E-B0B1-6D0E273474A6}.Release|Any CPU.ActiveCfg = Release|Any CPU
		{7FEF39E4-278A-474E-B0B1-6D0E273474A6}.Release|Any CPU.Build.0 = Release|Any CPU
		{E656FA58-3221-44D8-85B3-1A8A7F1DC5D8}.Debug|Any CPU.ActiveCfg = Debug|Any CPU
		{E656FA58-3221-44D8-85B3-1A8A7F1DC5D8}.Debug|Any CPU.Build.0 = Debug|Any CPU
		{E656FA58-3221-44D8-85B3-1A8A7F1DC5D8}.Release|Any CPU.ActiveCfg = Release|Any CPU
		{E656FA58-3221-44D8-85B3-1A8A7F1DC5D8}.Release|Any CPU.Build.0 = Release|Any CPU
	EndGlobalSection
	GlobalSection(SolutionProperties) = preSolution
		HideSolutionNode = FALSE
	EndGlobalSection
	GlobalSection(ExtensibilityGlobals) = postSolution
		SolutionGuid = {730E1F2C-3ADC-4580-8E1A-6C4C244FFD48}
	EndGlobalSection
EndGlobal
